<Solution>
  <Project Path="Delly.Modeling.Generator/Delly.Modeling.Generator.csproj" Id="2ee809b8-7997-4a5a-bcec-763f83f4a92b" />
  <Project Path="Delly.Modeling/Delly.Modeling.csproj" />
  <Project Path="Deme/Deme.csproj" Id="e76a71ac-556b-4865-a3ff-2b03bed207cf" />
  <Project Path="NugetDemo/NugetDemo.csproj" Id="d9c57d21-1f4b-4551-a660-4e57ead21525" />
</Solution>
